// !$*UTF8*$!
{
	archiveVersion = 1;
	classes = {
	};
	objectVersion = 50;
	objects = {

/* Begin PBXBuildFile section */
		8985755E21103B2400512E3A /* AppDelegate.swift in Sources */ = {isa = PBXBuildFile; fileRef = 8985755D21103B2400512E3A /* AppDelegate.swift */; };
		8985756021103B2400512E3A /* ViewController.swift in Sources */ = {isa = PBXBuildFile; fileRef = 8985755F21103B2400512E3A /* ViewController.swift */; };
		8985756321103B2400512E3A /* Main.storyboard in Resources */ = {isa = PBXBuildFile; fileRef = 8985756121103B2400512E3A /* Main.storyboard */; };
		8985756521103B2500512E3A /* Assets.xcassets in Resources */ = {isa = PBXBuildFile; fileRef = 8985756421103B2500512E3A /* Assets.xcassets */; };
		8985756821103B2500512E3A /* LaunchScreen.storyboard in Resources */ = {isa = PBXBuildFile; fileRef = 8985756621103B2500512E3A /* LaunchScreen.storyboard */; };
		8985757321103B2600512E3A /* PhotoLookUpTests.swift in Sources */ = {isa = PBXBuildFile; fileRef = 8985757221103B2600512E3A /* PhotoLookUpTests.swift */; };
/* End PBXBuildFile section */

/* Begin PBXContainerItemProxy section */
		8985756F21103B2600512E3A /* PBXContainerItemProxy */ = {
			isa = PBXContainerItemProxy;
			containerPortal = 8985755221103B2400512E3A /* Project object */;
			proxyType = 1;
			remoteGlobalIDString = 8985755921103B2400512E3A;
			remoteInfo = PhotoLookUp;
		};
/* End PBXContainerItemProxy section */

/* Begin PBXFileReference section */
		8985755A21103B2400512E3A /* PhotoLookUp.app */ = {isa = PBXFileReference; explicitFileType = wrapper.application; includeInIndex = 0; path = PhotoLookUp.app; sourceTree = BUILT_PRODUCTS_DIR; };
		8985755D21103B2400512E3A /* AppDelegate.swift */ = {isa = PBXFileReference; lastKnownFileType = sourcecode.swift; path = AppDelegate.swift; sourceTree = "<group>"; };
		8985755F21103B2400512E3A /* ViewController.swift */ = {isa = PBXFileReference; lastKnownFileType = sourcecode.swift; path = ViewController.swift; sourceTree = "<group>"; };
		8985756221103B2400512E3A /* Base */ = {isa = PBXFileReference; lastKnownFileType = file.storyboard; name = Base; path = Base.lproj/Main.storyboard; sourceTree = "<group>"; };
		8985756421103B2500512E3A /* Assets.xcassets */ = {isa = PBXFileReference; lastKnownFileType = folder.assetcatalog; path = Assets.xcassets; sourceTree = "<group>"; };
		8985756721103B2500512E3A /* Base */ = {isa = PBXFileReference; lastKnownFileType = file.storyboard; name = Base; path = Base.lproj/LaunchScreen.storyboard; sourceTree = "<group>"; };
		8985756921103B2500512E3A /* Info.plist */ = {isa = PBXFileReference; lastKnownFileType = text.plist.xml; path = Info.plist; sourceTree = "<group>"; };
		8985756E21103B2600512E3A /* PhotoLookUpTests.xctest */ = {isa = PBXFileReference; explicitFileType = wrapper.cfbundle; includeInIndex = 0; path = PhotoLookUpTests.xctest; sourceTree = BUILT_PRODUCTS_DIR; };
		8985757221103B2600512E3A /* PhotoLookUpTests.swift */ = {isa = PBXFileReference; lastKnownFileType = sourcecode.swift; path = PhotoLookUpTests.swift; sourceTree = "<group>"; };
		8985757421103B2600512E3A /* Info.plist */ = {isa = PBXFileReference; lastKnownFileType = text.plist.xml; path = Info.plist; sourceTree = "<group>"; };
/* End PBXFileReference section */

/* Begin PBXFrameworksBuildPhase section */
		8985755721103B2400512E3A /* Frameworks */ = {
			isa = PBXFrameworksBuildPhase;
			buildActionMask = 2147483647;
			files = (
			);
			runOnlyForDeploymentPostprocessing = 0;
		};
		8985756B21103B2600512E3A /* Frameworks */ = {
			isa = PBXFrameworksBuildPhase;
			buildActionMask = 2147483647;
			files = (
			);
			runOnlyForDeploymentPostprocessing = 0;
		};
/* End PBXFrameworksBuildPhase section */

/* Begin PBXGroup section */
		8985755121103B2400512E3A = {
			isa = PBXGroup;
			children = (
				8985755C21103B2400512E3A /* PhotoLookUp */,
				8985757121103B2600512E3A /* PhotoLookUpTests */,
				8985755B21103B2400512E3A /* Products */,
			);
			sourceTree = "<group>";
		};
		8985755B21103B2400512E3A /* Products */ = {
			isa = PBXGroup;
			children = (
				8985755A21103B2400512E3A /* PhotoLookUp.app */,
				8985756E21103B2600512E3A /* PhotoLookUpTests.xctest */,
			);
			name = Products;
			sourceTree = "<group>";
		};
		8985755C21103B2400512E3A /* PhotoLookUp */ = {
			isa = PBXGroup;
			children = (
				8985755D21103B2400512E3A /* AppDelegate.swift */,
				8985755F21103B2400512E3A /* ViewController.swift */,
				8985756121103B2400512E3A /* Main.storyboard */,
				8985756421103B2500512E3A /* Assets.xcassets */,
				8985756621103B2500512E3A /* LaunchScreen.storyboard */,
				8985756921103B2500512E3A /* Info.plist */,
			);
			path = PhotoLookUp;
			sourceTree = "<group>";
		};
		8985757121103B2600512E3A /* PhotoLookUpTests */ = {
			isa = PBXGroup;
			children = (
				8985757221103B2600512E3A /* PhotoLookUpTests.swift */,
				8985757421103B2600512E3A /* Info.plist */,
			);
			path = PhotoLookUpTests;
			sourceTree = "<group>";
		};
/* End PBXGroup section */

/* Begin PBXNativeTarget section */
		8985755921103B2400512E3A /* PhotoLookUp */ = {
			isa = PBXNativeTarget;
			buildConfigurationList = 8985757721103B2600512E3A /* Build configuration list for PBXNativeTarget "PhotoLookUp" */;
			buildPhases = (
				8985755621103B2400512E3A /* Sources */,
				8985755721103B2400512E3A /* Frameworks */,
				8985755821103B2400512E3A /* Resources */,
			);
			buildRules = (
			);
			dependencies = (
			);
			name = PhotoLookUp;
			productName = PhotoLookUp;
			productReference = 8985755A21103B2400512E3A /* PhotoLookUp.app */;
			productType = "com.apple.product-type.application";
		};
		8985756D21103B2600512E3A /* PhotoLookUpTests */ = {
			isa = PBXNativeTarget;
			buildConfigurationList = 8985757A21103B2600512E3A /* Build configuration list for PBXNativeTarget "PhotoLookUpTests" */;
			buildPhases = (
				8985756A21103B2600512E3A /* Sources */,
				8985756B21103B2600512E3A /* Frameworks */,
				8985756C21103B2600512E3A /* Resources */,
			);
			buildRules = (
			);
			dependencies = (
				8985757021103B2600512E3A /* PBXTargetDependency */,
			);
			name = PhotoLookUpTests;
			productName = PhotoLookUpTests;
			productReference = 8985756E21103B2600512E3A /* PhotoLookUpTests.xctest */;
			productType = "com.apple.product-type.bundle.unit-test";
		};
/* End PBXNativeTarget section */

/* Begin PBXProject section */
		8985755221103B2400512E3A /* Project object */ = {
			isa = PBXProject;
			attributes = {
				LastSwiftUpdateCheck = 0940;
				LastUpgradeCheck = 0940;
				ORGANIZATIONNAME = "Alem Utemissov";
				TargetAttributes = {
					8985755921103B2400512E3A = {
						CreatedOnToolsVersion = 9.4.1;
					};
					8985756D21103B2600512E3A = {
						CreatedOnToolsVersion = 9.4.1;
						TestTargetID = 8985755921103B2400512E3A;
					};
				};
			};
			buildConfigurationList = 8985755521103B2400512E3A /* Build configuration list for PBXProject "PhotoLookUp" */;
			compatibilityVersion = "Xcode 9.3";
			developmentRegion = en;
			hasScannedForEncodings = 0;
			knownRegions = (
				en,
				Base,
			);
			mainGroup = 8985755121103B2400512E3A;
			productRefGroup = 8985755B21103B2400512E3A /* Products */;
			projectDirPath = "";
			projectRoot = "";
			targets = (
				8985755921103B2400512E3A /* PhotoLookUp */,
				8985756D21103B2600512E3A /* PhotoLookUpTests */,
			);
		};
/* End PBXProject section */

/* Begin PBXResourcesBuildPhase section */
		8985755821103B2400512E3A /* Resources */ = {
			isa = PBXResourcesBuildPhase;
			buildActionMask = 2147483647;
			files = (
				8985756821103B2500512E3A /* LaunchScreen.storyboard in Resources */,
				8985756521103B2500512E3A /* Assets.xcassets in Resources */,
				8985756321103B2400512E3A /* Main.storyboard in Resources */,
			);
			runOnlyForDeploymentPostprocessing = 0;
		};
		8985756C21103B2600512E3A /* Resources */ = {
			isa = PBXResourcesBuildPhase;
			buildActionMask = 2147483647;
			files = (
			);
			runOnlyForDeploymentPostprocessing = 0;
		};
/* End PBXResourcesBuildPhase section */

/* Begin PBXSourcesBuildPhase section */
		8985755621103B2400512E3A /* Sources */ = {
			isa = PBXSourcesBuildPhase;
			buildActionMask = 2147483647;
			files = (
				8985756021103B2400512E3A /* ViewController.swift in Sources */,
				8985755E21103B2400512E3A /* AppDelegate.swift in Sources */,
			);
			runOnlyForDeploymentPostprocessing = 0;
		};
		8985756A21103B2600512E3A /* Sources */ = {
			isa = PBXSourcesBuildPhase;
			buildActionMask = 2147483647;
			files = (
				8985757321103B2600512E3A /* PhotoLookUpTests.swift in Sources */,
			);
			runOnlyForDeploymentPostprocessing = 0;
		};
/* End PBXSourcesBuildPhase section */

/* Begin PBXTargetDependency section */
		8985757021103B2600512E3A /* PBXTargetDependency */ = {
			isa = PBXTargetDependency;
			target = 8985755921103B2400512E3A /* PhotoLookUp */;
			targetProxy = 8985756F21103B2600512E3A /* PBXContainerItemProxy */;
		};
/* End PBXTargetDependency section */

/* Begin PBXVariantGroup section */
		8985756121103B2400512E3A /* Main.storyboard */ = {
			isa = PBXVariantGroup;
			children = (
				8985756221103B2400512E3A /* Base */,
			);
			name = Main.storyboard;
			sourceTree = "<group>";
		};
		8985756621103B2500512E3A /* LaunchScreen.storyboard */ = {
			isa = PBXVariantGroup;
			children = (
				8985756721103B2500512E3A /* Base */,
			);
			name = LaunchScreen.storyboard;
			sourceTree = "<group>";
		};
/* End PBXVariantGroup section */

/* Begin XCBuildConfiguration section */
		8985757521103B2600512E3A /* Debug */ = {
			isa = XCBuildConfiguration;
			buildSettings = {
				ALWAYS_SEARCH_USER_PATHS = NO;
				CLANG_ANALYZER_NONNULL = YES;
				CLANG_ANALYZER_NUMBER_OBJECT_CONVERSION = YES_AGGRESSIVE;
				CLANG_CXX_LANGUAGE_STANDARD = "gnu++14";
				CLANG_CXX_LIBRARY = "libc++";
				CLANG_ENABLE_MODULES = YES;
				CLANG_ENABLE_OBJC_ARC = YES;
				CLANG_ENABLE_OBJC_WEAK = YES;
				CLANG_WARN_BLOCK_CAPTURE_AUTORELEASING = YES;
				CLANG_WARN_BOOL_CONVERSION = YES;
				CLANG_WARN_COMMA = YES;
				CLANG_WARN_CONSTANT_CONVERSION = YES;
				CLANG_WARN_DEPRECATED_OBJC_IMPLEMENTATIONS = YES;
				CLANG_WARN_DIRECT_OBJC_ISA_USAGE = YES_ERROR;
				CLANG_WARN_DOCUMENTATION_COMMENTS = YES;
				CLANG_WARN_EMPTY_BODY = YES;
				CLANG_WARN_ENUM_CONVERSION = YES;
				CLANG_WARN_INFINITE_RECURSION = YES;
				CLANG_WARN_INT_CONVERSION = YES;
				CLANG_WARN_NON_LITERAL_NULL_CONVERSION = YES;
				CLANG_WARN_OBJC_IMPLICIT_RETAIN_SELF = YES;
				CLANG_WARN_OBJC_LITERAL_CONVERSION = YES;
				CLANG_WARN_OBJC_ROOT_CLASS = YES_ERROR;
				CLANG_WARN_RANGE_LOOP_ANALYSIS = YES;
				CLANG_WARN_STRICT_PROTOTYPES = YES;
				CLANG_WARN_SUSPICIOUS_MOVE = YES;
				CLANG_WARN_UNGUARDED_AVAILABILITY = YES_AGGRESSIVE;
				CLANG_WARN_UNREACHABLE_CODE = YES;
				CLANG_WARN__DUPLICATE_METHOD_MATCH = YES;
				CODE_SIGN_IDENTITY = "iPhone Developer";
				COPY_PHASE_STRIP = NO;
				DEBUG_INFORMATION_FORMAT = dwarf;
				ENABLE_STRICT_OBJC_MSGSEND = YES;
				ENABLE_TESTABILITY = YES;
				GCC_C_LANGUAGE_STANDARD = gnu11;
				GCC_DYNAMIC_NO_PIC = NO;
				GCC_NO_COMMON_BLOCKS = YES;
				GCC_OPTIMIZATION_LEVEL = 0;
				GCC_PREPROCESSOR_DEFINITIONS = (
					"DEBUG=1",
					"$(inherited)",
				);
				GCC_WARN_64_TO_32_BIT_CONVERSION = YES;
				GCC_WARN_ABOUT_RETURN_TYPE = YES_ERROR;
				GCC_WARN_UNDECLARED_SELECTOR = YES;
				GCC_WARN_UNINITIALIZED_AUTOS = YES_AGGRESSIVE;
				GCC_WARN_UNUSED_FUNCTION = YES;
				GCC_WARN_UNUSED_VARIABLE = YES;
				IPHONEOS_DEPLOYMENT_TARGET = 11.4;
				MTL_ENABLE_DEBUG_INFO = YES;
				ONLY_ACTIVE_ARCH = YES;
				SDKROOT = iphoneos;
				SWIFT_ACTIVE_COMPILATION_CONDITIONS = DEBUG;
				SWIFT_OPTIMIZATION_LEVEL = "-Onone";
			};
			name = Debug;
		};
		8985757621103B2600512E3A /* Release */ = {
			isa = XCBuildConfiguration;
			buildSettings = {
				ALWAYS_SEARCH_USER_PATHS = NO;
				CLANG_ANALYZER_NONNULL = YES;
				CLANG_ANALYZER_NUMBER_OBJECT_CONVERSION = YES_AGGRESSIVE;
				CLANG_CXX_LANGUAGE_STANDARD = "gnu++14";
				CLANG_CXX_LIBRARY = "libc++";
				CLANG_ENABLE_MODULES = YES;
				CLANG_ENABLE_OBJC_ARC = YES;
				CLANG_ENABLE_OBJC_WEAK = YES;
				CLANG_WARN_BLOCK_CAPTURE_AUTORELEASING = YES;
				CLANG_WARN_BOOL_CONVERSION = YES;
				CLANG_WARN_COMMA = YES;
				CLANG_WARN_CONSTANT_CONVERSION = YES;
				CLANG_WARN_DEPRECATED_OBJC_IMPLEMENTATIONS = YES;
				CLANG_WARN_DIRECT_OBJC_ISA_USAGE = YES_ERROR;
				CLANG_WARN_DOCUMENTATION_COMMENTS = YES;
				CLANG_WARN_EMPTY_BODY = YES;
				CLANG_WARN_ENUM_CONVERSION = YES;
				CLANG_WARN_INFINITE_RECURSION = YES;
				CLANG_WARN_INT_CONVERSION = YES;
				CLANG_WARN_NON_LITERAL_NULL_CONVERSION = YES;
				CLANG_WARN_OBJC_IMPLICIT_RETAIN_SELF = YES;
				CLANG_WARN_OBJC_LITERAL_CONVERSION = YES;
				CLANG_WARN_OBJC_ROOT_CLASS = YES_ERROR;
				CLANG_WARN_RANGE_LOOP_ANALYSIS = YES;
				CLANG_WARN_STRICT_PROTOTYPES = YES;
				CLANG_WARN_SUSPICIOUS_MOVE = YES;
				CLANG_WARN_UNGUARDED_AVAILABILITY = YES_AGGRESSIVE;
				CLANG_WARN_UNREACHABLE_CODE = YES;
				CLANG_WARN__DUPLICATE_METHOD_MATCH = YES;
				CODE_SIGN_IDENTITY = "iPhone Developer";
				COPY_PHASE_STRIP = NO;
				DEBUG_INFORMATION_FORMAT = "dwarf-with-dsym";
				ENABLE_NS_ASSERTIONS = NO;
				ENABLE_STRICT_OBJC_MSGSEND = YES;
				GCC_C_LANGUAGE_STANDARD = gnu11;
				GCC_NO_COMMON_BLOCKS = YES;
				GCC_WARN_64_TO_32_BIT_CONVERSION = YES;
				GCC_WARN_ABOUT_RETURN_TYPE = YES_ERROR;
				GCC_WARN_UNDECLARED_SELECTOR = YES;
				GCC_WARN_UNINITIALIZED_AUTOS = YES_AGGRESSIVE;
				GCC_WARN_UNUSED_FUNCTION = YES;
				GCC_WARN_UNUSED_VARIABLE = YES;
				IPHONEOS_DEPLOYMENT_TARGET = 11.4;
				MTL_ENABLE_DEBUG_INFO = NO;
				SDKROOT = iphoneos;
				SWIFT_COMPILATION_MODE = wholemodule;
				SWIFT_OPTIMIZATION_LEVEL = "-O";
				VALIDATE_PRODUCT = YES;
			};
			name = Release;
		};
		8985757821103B2600512E3A /* Debug */ = {
			isa = XCBuildConfiguration;
			buildSettings = {
				ASSETCATALOG_COMPILER_APPICON_NAME = AppIcon;
				CODE_SIGN_STYLE = Automatic;
				DEVELOPMENT_TEAM = V4BQKDHE7V;
				INFOPLIST_FILE = PhotoLookUp/Info.plist;
				LD_RUNPATH_SEARCH_PATHS = (
					"$(inherited)",
					"@executable_path/Frameworks",
				);
				PRODUCT_BUNDLE_IDENTIFIER = com.utemissov.PhotoLookUp;
				PRODUCT_NAME = "$(TARGET_NAME)";
				SWIFT_VERSION = 4.0;
				TARGETED_DEVICE_FAMILY = "1,2";
			};
			name = Debug;
		};
		8985757921103B2600512E3A /* Release */ = {
			isa = XCBuildConfiguration;
			buildSettings = {
				ASSETCATALOG_COMPILER_APPICON_NAME = AppIcon;
				CODE_SIGN_STYLE = Automatic;
				DEVELOPMENT_TEAM = V4BQKDHE7V;
				INFOPLIST_FILE = PhotoLookUp/Info.plist;
				LD_RUNPATH_SEARCH_PATHS = (
					"$(inherited)",
					"@executable_path/Frameworks",
				);
				PRODUCT_BUNDLE_IDENTIFIER = com.utemissov.PhotoLookUp;
				PRODUCT_NAME = "$(TARGET_NAME)";
				SWIFT_VERSION = 4.0;
				TARGETED_DEVICE_FAMILY = "1,2";
			};
			name = Release;
		};
		8985757B21103B2600512E3A /* Debug */ = {
			isa = XCBuildConfiguration;
			buildSettings = {
				ALWAYS_EMBED_SWIFT_STANDARD_LIBRARIES = YES;
				BUNDLE_LOADER = "$(TEST_HOST)";
				CODE_SIGN_STYLE = Automatic;
				DEVELOPMENT_TEAM = V4BQKDHE7V;
				INFOPLIST_FILE = PhotoLookUpTests/Info.plist;
				LD_RUNPATH_SEARCH_PATHS = (
					"$(inherited)",
					"@executable_path/Frameworks",
					"@loader_path/Frameworks",
				);
				PRODUCT_BUNDLE_IDENTIFIER = com.utemissov.PhotoLookUpTests;
				PRODUCT_NAME = "$(TARGET_NAME)";
				SWIFT_VERSION = 4.0;
				TARGETED_DEVICE_FAMILY = "1,2";
				TEST_HOST = "$(BUILT_PRODUCTS_DIR)/PhotoLookUp.app/PhotoLookUp";
			};
			name = Debug;
		};
		8985757C21103B2600512E3A /* Release */ = {
			isa = XCBuildConfiguration;
			buildSettings = {
				ALWAYS_EMBED_SWIFT_STANDARD_LIBRARIES = YES;
				BUNDLE_LOADER = "$(TEST_HOST)";
				CODE_SIGN_STYLE = Automatic;
				DEVELOPMENT_TEAM = V4BQKDHE7V;
				INFOPLIST_FILE = PhotoLookUpTests/Info.plist;
				LD_RUNPATH_SEARCH_PATHS = (
					"$(inherited)",
					"@executable_path/Frameworks",
					"@loader_path/Frameworks",
				);
				PRODUCT_BUNDLE_IDENTIFIER = com.utemissov.PhotoLookUpTests;
				PRODUCT_NAME = "$(TARGET_NAME)";
				SWIFT_VERSION = 4.0;
				TARGETED_DEVICE_FAMILY = "1,2";
				TEST_HOST = "$(BUILT_PRODUCTS_DIR)/PhotoLookUp.app/PhotoLookUp";
			};
			name = Release;
		};
/* End XCBuildConfiguration section */

/* Begin XCConfigurationList section */
		8985755521103B2400512E3A /* Build configuration list for PBXProject "PhotoLookUp" */ = {
			isa = XCConfigurationList;
			buildConfigurations = (
				8985757521103B2600512E3A /* Debug */,
				8985757621103B2600512E3A /* Release */,
			);
			defaultConfigurationIsVisible = 0;
			defaultConfigurationName = Release;
		};
		8985757721103B2600512E3A /* Build configuration list for PBXNativeTarget "PhotoLookUp" */ = {
			isa = XCConfigurationList;
			buildConfigurations = (
				8985757821103B2600512E3A /* Debug */,
				8985757921103B2600512E3A /* Release */,
			);
			defaultConfigurationIsVisible = 0;
			defaultConfigurationName = Release;
		};
		8985757A21103B2600512E3A /* Build configuration list for PBXNativeTarget "PhotoLookUpTests" */ = {
			isa = XCConfigurationList;
			buildConfigurations = (
				8985757B21103B2600512E3A /* Debug */,
				8985757C21103B2600512E3A /* Release */,
			);
			defaultConfigurationIsVisible = 0;
			defaultConfigurationName = Release;
		};
/* End XCConfigurationList section */
	};
	rootObject = 8985755221103B2400512E3A /* Project object */;
}
