// !$*UTF8*$!
{
	archiveVersion = 1;
	classes = {
	};
	objectVersion = 50;
	objects = {

/* Begin PBXBuildFile section */
		6BB265F26284863297AC0463 /* Pods_PhotoLookUp.framework in Frameworks */ = {isa = PBXBuildFile; fileRef = 9A176E34FEE1C0E02D58436C /* Pods_PhotoLookUp.framework */; };
		87AB5ABC3BBB8144F50EFD34 /* Pods_PhotoLookUpTests.framework in Frameworks */ = {isa = PBXBuildFile; fileRef = 7CD7B4679A7FE9B10B6C26AB /* Pods_PhotoLookUpTests.framework */; };
		892C78FD21121FC20040C027 /* ImagesVCTests.swift in Sources */ = {isa = PBXBuildFile; fileRef = 892C78FC21121FC20040C027 /* ImagesVCTests.swift */; };
		892C78FF211221B60040C027 /* UIStoryboard+Extension.swift in Sources */ = {isa = PBXBuildFile; fileRef = 892C78FE211221B60040C027 /* UIStoryboard+Extension.swift */; };
		892C7904211225EA0040C027 /* ImagesCollectionViewController.swift in Sources */ = {isa = PBXBuildFile; fileRef = 892C7903211225EA0040C027 /* ImagesCollectionViewController.swift */; };
		892C790621122A540040C027 /* ImagesCollectionViewInput.swift in Sources */ = {isa = PBXBuildFile; fileRef = 892C790521122A540040C027 /* ImagesCollectionViewInput.swift */; };
		892C790821122A6F0040C027 /* ImagesCollectionViewOutput.swift in Sources */ = {isa = PBXBuildFile; fileRef = 892C790721122A6F0040C027 /* ImagesCollectionViewOutput.swift */; };
		892C790C21122FBC0040C027 /* BaseViewController.swift in Sources */ = {isa = PBXBuildFile; fileRef = 892C790B21122FBC0040C027 /* BaseViewController.swift */; };
		892C790E211230BC0040C027 /* ImagesViewPresenter.swift in Sources */ = {isa = PBXBuildFile; fileRef = 892C790D211230BC0040C027 /* ImagesViewPresenter.swift */; };
		8985755E21103B2400512E3A /* AppDelegate.swift in Sources */ = {isa = PBXBuildFile; fileRef = 8985755D21103B2400512E3A /* AppDelegate.swift */; };
		8985756321103B2400512E3A /* Main.storyboard in Resources */ = {isa = PBXBuildFile; fileRef = 8985756121103B2400512E3A /* Main.storyboard */; };
		8985756521103B2500512E3A /* Assets.xcassets in Resources */ = {isa = PBXBuildFile; fileRef = 8985756421103B2500512E3A /* Assets.xcassets */; };
		8985756821103B2500512E3A /* LaunchScreen.storyboard in Resources */ = {isa = PBXBuildFile; fileRef = 8985756621103B2500512E3A /* LaunchScreen.storyboard */; };
		89A37EEA211353CB00E000CD /* ImagesModuleInitializer.swift in Sources */ = {isa = PBXBuildFile; fileRef = 89A37EE9211353CB00E000CD /* ImagesModuleInitializer.swift */; };
		89A37EEC2113549900E000CD /* ImagesModuleConfigurator.swift in Sources */ = {isa = PBXBuildFile; fileRef = 89A37EEB2113549900E000CD /* ImagesModuleConfigurator.swift */; };
		89A37EEF2113556B00E000CD /* ImagesInteractor.swift in Sources */ = {isa = PBXBuildFile; fileRef = 89A37EEE2113556B00E000CD /* ImagesInteractor.swift */; };
		89A37EF12113557500E000CD /* ImagesInteractorInput.swift in Sources */ = {isa = PBXBuildFile; fileRef = 89A37EF02113557500E000CD /* ImagesInteractorInput.swift */; };
		89A37EF32113558400E000CD /* ImagesInteractorOutput.swift in Sources */ = {isa = PBXBuildFile; fileRef = 89A37EF22113558400E000CD /* ImagesInteractorOutput.swift */; };
		89A37EF62113560300E000CD /* NetworkService.swift in Sources */ = {isa = PBXBuildFile; fileRef = 89A37EF52113560300E000CD /* NetworkService.swift */; };
		89A37EFA2113582800E000CD /* AnyTarget.swift in Sources */ = {isa = PBXBuildFile; fileRef = 89A37EF92113582800E000CD /* AnyTarget.swift */; };
		89A37EFC21135D6C00E000CD /* ImageSearch.swift in Sources */ = {isa = PBXBuildFile; fileRef = 89A37EFB21135D6C00E000CD /* ImageSearch.swift */; };
		89A37EFE21135F7700E000CD /* BaseTargetType.swift in Sources */ = {isa = PBXBuildFile; fileRef = 89A37EFD21135F7700E000CD /* BaseTargetType.swift */; };
		89A37F002113603400E000CD /* FlickrTarget.swift in Sources */ = {isa = PBXBuildFile; fileRef = 89A37EFF2113603400E000CD /* FlickrTarget.swift */; };
		89A37F022113620E00E000CD /* NetworkError.swift in Sources */ = {isa = PBXBuildFile; fileRef = 89A37F012113620E00E000CD /* NetworkError.swift */; };
		89A37F042113622100E000CD /* Result.swift in Sources */ = {isa = PBXBuildFile; fileRef = 89A37F032113622100E000CD /* Result.swift */; };
		89A37F0821136B2800E000CD /* ImagesGridLayout.swift in Sources */ = {isa = PBXBuildFile; fileRef = 89A37F0721136B2800E000CD /* ImagesGridLayout.swift */; };
		89A37F0A21137A2E00E000CD /* ImagesFullScreenLayout.swift in Sources */ = {isa = PBXBuildFile; fileRef = 89A37F0921137A2E00E000CD /* ImagesFullScreenLayout.swift */; };
		89A37F0E21137C5700E000CD /* StatusPresentable.swift in Sources */ = {isa = PBXBuildFile; fileRef = 89A37F0D21137C5700E000CD /* StatusPresentable.swift */; };
		89A37F1121137D6400E000CD /* ActivityIndicatorProtocol.swift in Sources */ = {isa = PBXBuildFile; fileRef = 89A37F1021137D6400E000CD /* ActivityIndicatorProtocol.swift */; };
		89A37F1321137D7B00E000CD /* ErrorShowingProtocol.swift in Sources */ = {isa = PBXBuildFile; fileRef = 89A37F1221137D7B00E000CD /* ErrorShowingProtocol.swift */; };
		89A37F1521170ED500E000CD /* ImageCollectionViewCell.swift in Sources */ = {isa = PBXBuildFile; fileRef = 89A37F1421170ED500E000CD /* ImageCollectionViewCell.swift */; };
		89A37F172117107900E000CD /* BaseViewInputProtocol.swift in Sources */ = {isa = PBXBuildFile; fileRef = 89A37F162117107900E000CD /* BaseViewInputProtocol.swift */; };
		89A37F1A211714AE00E000CD /* ImageLoaderServiceType.swift in Sources */ = {isa = PBXBuildFile; fileRef = 89A37F19211714AE00E000CD /* ImageLoaderServiceType.swift */; };
		89A37F1C21171D5C00E000CD /* ImageSizes.swift in Sources */ = {isa = PBXBuildFile; fileRef = 89A37F1B21171D5C00E000CD /* ImageSizes.swift */; };
		89A37F22211776D700E000CD /* ImagesConfiguratorTests.swift in Sources */ = {isa = PBXBuildFile; fileRef = 89A37F21211776D700E000CD /* ImagesConfiguratorTests.swift */; };
		89A37F242117791A00E000CD /* ImagesCollectionViewControllerOutputMock.swift in Sources */ = {isa = PBXBuildFile; fileRef = 89A37F232117791A00E000CD /* ImagesCollectionViewControllerOutputMock.swift */; };
/* End PBXBuildFile section */

/* Begin PBXContainerItemProxy section */
		8985756F21103B2600512E3A /* PBXContainerItemProxy */ = {
			isa = PBXContainerItemProxy;
			containerPortal = 8985755221103B2400512E3A /* Project object */;
			proxyType = 1;
			remoteGlobalIDString = 8985755921103B2400512E3A;
			remoteInfo = PhotoLookUp;
		};
/* End PBXContainerItemProxy section */

/* Begin PBXFileReference section */
		387DAEBB4C0AA75101C852CC /* Pods-PhotoLookUp.release.xcconfig */ = {isa = PBXFileReference; includeInIndex = 1; lastKnownFileType = text.xcconfig; name = "Pods-PhotoLookUp.release.xcconfig"; path = "Pods/Target Support Files/Pods-PhotoLookUp/Pods-PhotoLookUp.release.xcconfig"; sourceTree = "<group>"; };
		407E1B8ACE09E2C64D8CD72B /* Pods-PhotoLookUpTests.debug.xcconfig */ = {isa = PBXFileReference; includeInIndex = 1; lastKnownFileType = text.xcconfig; name = "Pods-PhotoLookUpTests.debug.xcconfig"; path = "Pods/Target Support Files/Pods-PhotoLookUpTests/Pods-PhotoLookUpTests.debug.xcconfig"; sourceTree = "<group>"; };
		6D854D4939ACA1DB7C135811 /* Pods-PhotoLookUp.debug.xcconfig */ = {isa = PBXFileReference; includeInIndex = 1; lastKnownFileType = text.xcconfig; name = "Pods-PhotoLookUp.debug.xcconfig"; path = "Pods/Target Support Files/Pods-PhotoLookUp/Pods-PhotoLookUp.debug.xcconfig"; sourceTree = "<group>"; };
		7CD7B4679A7FE9B10B6C26AB /* Pods_PhotoLookUpTests.framework */ = {isa = PBXFileReference; explicitFileType = wrapper.framework; includeInIndex = 0; path = Pods_PhotoLookUpTests.framework; sourceTree = BUILT_PRODUCTS_DIR; };
		892C78FC21121FC20040C027 /* ImagesVCTests.swift */ = {isa = PBXFileReference; lastKnownFileType = sourcecode.swift; path = ImagesVCTests.swift; sourceTree = "<group>"; };
		892C78FE211221B60040C027 /* UIStoryboard+Extension.swift */ = {isa = PBXFileReference; lastKnownFileType = sourcecode.swift; path = "UIStoryboard+Extension.swift"; sourceTree = "<group>"; };
		892C7903211225EA0040C027 /* ImagesCollectionViewController.swift */ = {isa = PBXFileReference; lastKnownFileType = sourcecode.swift; path = ImagesCollectionViewController.swift; sourceTree = "<group>"; };
		892C790521122A540040C027 /* ImagesCollectionViewInput.swift */ = {isa = PBXFileReference; lastKnownFileType = sourcecode.swift; path = ImagesCollectionViewInput.swift; sourceTree = "<group>"; };
		892C790721122A6F0040C027 /* ImagesCollectionViewOutput.swift */ = {isa = PBXFileReference; lastKnownFileType = sourcecode.swift; path = ImagesCollectionViewOutput.swift; sourceTree = "<group>"; };
		892C790B21122FBC0040C027 /* BaseViewController.swift */ = {isa = PBXFileReference; lastKnownFileType = sourcecode.swift; path = BaseViewController.swift; sourceTree = "<group>"; };
		892C790D211230BC0040C027 /* ImagesViewPresenter.swift */ = {isa = PBXFileReference; lastKnownFileType = sourcecode.swift; path = ImagesViewPresenter.swift; sourceTree = "<group>"; };
		8985755A21103B2400512E3A /* PhotoLookUp.app */ = {isa = PBXFileReference; explicitFileType = wrapper.application; includeInIndex = 0; path = PhotoLookUp.app; sourceTree = BUILT_PRODUCTS_DIR; };
		8985755D21103B2400512E3A /* AppDelegate.swift */ = {isa = PBXFileReference; lastKnownFileType = sourcecode.swift; path = AppDelegate.swift; sourceTree = "<group>"; };
		8985756221103B2400512E3A /* Base */ = {isa = PBXFileReference; lastKnownFileType = file.storyboard; name = Base; path = Base.lproj/Main.storyboard; sourceTree = "<group>"; };
		8985756421103B2500512E3A /* Assets.xcassets */ = {isa = PBXFileReference; lastKnownFileType = folder.assetcatalog; path = Assets.xcassets; sourceTree = "<group>"; };
		8985756721103B2500512E3A /* Base */ = {isa = PBXFileReference; lastKnownFileType = file.storyboard; name = Base; path = Base.lproj/LaunchScreen.storyboard; sourceTree = "<group>"; };
		8985756921103B2500512E3A /* Info.plist */ = {isa = PBXFileReference; lastKnownFileType = text.plist.xml; path = Info.plist; sourceTree = "<group>"; };
		8985756E21103B2600512E3A /* PhotoLookUpTests.xctest */ = {isa = PBXFileReference; explicitFileType = wrapper.cfbundle; includeInIndex = 0; path = PhotoLookUpTests.xctest; sourceTree = BUILT_PRODUCTS_DIR; };
		8985757421103B2600512E3A /* Info.plist */ = {isa = PBXFileReference; lastKnownFileType = text.plist.xml; path = Info.plist; sourceTree = "<group>"; };
		89A37EE9211353CB00E000CD /* ImagesModuleInitializer.swift */ = {isa = PBXFileReference; lastKnownFileType = sourcecode.swift; path = ImagesModuleInitializer.swift; sourceTree = "<group>"; };
		89A37EEB2113549900E000CD /* ImagesModuleConfigurator.swift */ = {isa = PBXFileReference; lastKnownFileType = sourcecode.swift; path = ImagesModuleConfigurator.swift; sourceTree = "<group>"; };
		89A37EEE2113556B00E000CD /* ImagesInteractor.swift */ = {isa = PBXFileReference; lastKnownFileType = sourcecode.swift; path = ImagesInteractor.swift; sourceTree = "<group>"; };
		89A37EF02113557500E000CD /* ImagesInteractorInput.swift */ = {isa = PBXFileReference; lastKnownFileType = sourcecode.swift; path = ImagesInteractorInput.swift; sourceTree = "<group>"; };
		89A37EF22113558400E000CD /* ImagesInteractorOutput.swift */ = {isa = PBXFileReference; lastKnownFileType = sourcecode.swift; path = ImagesInteractorOutput.swift; sourceTree = "<group>"; };
		89A37EF52113560300E000CD /* NetworkService.swift */ = {isa = PBXFileReference; lastKnownFileType = sourcecode.swift; path = NetworkService.swift; sourceTree = "<group>"; };
		89A37EF92113582800E000CD /* AnyTarget.swift */ = {isa = PBXFileReference; lastKnownFileType = sourcecode.swift; path = AnyTarget.swift; sourceTree = "<group>"; };
		89A37EFB21135D6C00E000CD /* ImageSearch.swift */ = {isa = PBXFileReference; lastKnownFileType = sourcecode.swift; path = ImageSearch.swift; sourceTree = "<group>"; };
		89A37EFD21135F7700E000CD /* BaseTargetType.swift */ = {isa = PBXFileReference; lastKnownFileType = sourcecode.swift; path = BaseTargetType.swift; sourceTree = "<group>"; };
		89A37EFF2113603400E000CD /* FlickrTarget.swift */ = {isa = PBXFileReference; lastKnownFileType = sourcecode.swift; path = FlickrTarget.swift; sourceTree = "<group>"; };
		89A37F012113620E00E000CD /* NetworkError.swift */ = {isa = PBXFileReference; lastKnownFileType = sourcecode.swift; path = NetworkError.swift; sourceTree = "<group>"; };
		89A37F032113622100E000CD /* Result.swift */ = {isa = PBXFileReference; lastKnownFileType = sourcecode.swift; path = Result.swift; sourceTree = "<group>"; };
		89A37F0721136B2800E000CD /* ImagesGridLayout.swift */ = {isa = PBXFileReference; lastKnownFileType = sourcecode.swift; path = ImagesGridLayout.swift; sourceTree = "<group>"; };
		89A37F0921137A2E00E000CD /* ImagesFullScreenLayout.swift */ = {isa = PBXFileReference; lastKnownFileType = sourcecode.swift; path = ImagesFullScreenLayout.swift; sourceTree = "<group>"; };
		89A37F0D21137C5700E000CD /* StatusPresentable.swift */ = {isa = PBXFileReference; lastKnownFileType = sourcecode.swift; path = StatusPresentable.swift; sourceTree = "<group>"; };
		89A37F1021137D6400E000CD /* ActivityIndicatorProtocol.swift */ = {isa = PBXFileReference; lastKnownFileType = sourcecode.swift; path = ActivityIndicatorProtocol.swift; sourceTree = "<group>"; };
		89A37F1221137D7B00E000CD /* ErrorShowingProtocol.swift */ = {isa = PBXFileReference; lastKnownFileType = sourcecode.swift; path = ErrorShowingProtocol.swift; sourceTree = "<group>"; };
		89A37F1421170ED500E000CD /* ImageCollectionViewCell.swift */ = {isa = PBXFileReference; lastKnownFileType = sourcecode.swift; path = ImageCollectionViewCell.swift; sourceTree = "<group>"; };
		89A37F162117107900E000CD /* BaseViewInputProtocol.swift */ = {isa = PBXFileReference; lastKnownFileType = sourcecode.swift; path = BaseViewInputProtocol.swift; sourceTree = "<group>"; };
		89A37F19211714AE00E000CD /* ImageLoaderServiceType.swift */ = {isa = PBXFileReference; lastKnownFileType = sourcecode.swift; path = ImageLoaderServiceType.swift; sourceTree = "<group>"; };
		89A37F1B21171D5C00E000CD /* ImageSizes.swift */ = {isa = PBXFileReference; lastKnownFileType = sourcecode.swift; path = ImageSizes.swift; sourceTree = "<group>"; };
		89A37F21211776D700E000CD /* ImagesConfiguratorTests.swift */ = {isa = PBXFileReference; lastKnownFileType = sourcecode.swift; path = ImagesConfiguratorTests.swift; sourceTree = "<group>"; };
		89A37F232117791A00E000CD /* ImagesCollectionViewControllerOutputMock.swift */ = {isa = PBXFileReference; lastKnownFileType = sourcecode.swift; path = ImagesCollectionViewControllerOutputMock.swift; sourceTree = "<group>"; };
		8C3BE1C37A765AFF5A2038AD /* Pods-PhotoLookUpTests.release.xcconfig */ = {isa = PBXFileReference; includeInIndex = 1; lastKnownFileType = text.xcconfig; name = "Pods-PhotoLookUpTests.release.xcconfig"; path = "Pods/Target Support Files/Pods-PhotoLookUpTests/Pods-PhotoLookUpTests.release.xcconfig"; sourceTree = "<group>"; };
		9A176E34FEE1C0E02D58436C /* Pods_PhotoLookUp.framework */ = {isa = PBXFileReference; explicitFileType = wrapper.framework; includeInIndex = 0; path = Pods_PhotoLookUp.framework; sourceTree = BUILT_PRODUCTS_DIR; };
/* End PBXFileReference section */

/* Begin PBXFrameworksBuildPhase section */
		8985755721103B2400512E3A /* Frameworks */ = {
			isa = PBXFrameworksBuildPhase;
			buildActionMask = 2147483647;
			files = (
				6BB265F26284863297AC0463 /* Pods_PhotoLookUp.framework in Frameworks */,
			);
			runOnlyForDeploymentPostprocessing = 0;
		};
		8985756B21103B2600512E3A /* Frameworks */ = {
			isa = PBXFrameworksBuildPhase;
			buildActionMask = 2147483647;
			files = (
				87AB5ABC3BBB8144F50EFD34 /* Pods_PhotoLookUpTests.framework in Frameworks */,
			);
			runOnlyForDeploymentPostprocessing = 0;
		};
/* End PBXFrameworksBuildPhase section */

/* Begin PBXGroup section */
		892C78F421121D0D0040C027 /* Model */ = {
			isa = PBXGroup;
			children = (
				89A37EFB21135D6C00E000CD /* ImageSearch.swift */,
				89A37F1B21171D5C00E000CD /* ImageSizes.swift */,
			);
			path = Model;
			sourceTree = "<group>";
		};
		892C78F521121D150040C027 /* Common */ = {
			isa = PBXGroup;
			children = (
				89A37F182117149400E000CD /* ImageLoader */,
				89A37F0B21137C3A00E000CD /* Protocols */,
				89A37EF4211355D700E000CD /* Network */,
				892C78FE211221B60040C027 /* UIStoryboard+Extension.swift */,
				892C790B21122FBC0040C027 /* BaseViewController.swift */,
			);
			path = Common;
			sourceTree = "<group>";
		};
		892C78F621121D1A0040C027 /* Supportings */ = {
			isa = PBXGroup;
			children = (
				8985756921103B2500512E3A /* Info.plist */,
				8985756621103B2500512E3A /* LaunchScreen.storyboard */,
				8985756421103B2500512E3A /* Assets.xcassets */,
				8985755D21103B2400512E3A /* AppDelegate.swift */,
				8985756121103B2400512E3A /* Main.storyboard */,
			);
			path = Supportings;
			sourceTree = "<group>";
		};
		892C78FB21121FA80040C027 /* ImageModuleTests */ = {
			isa = PBXGroup;
			children = (
				892C78FC21121FC20040C027 /* ImagesVCTests.swift */,
				89A37F21211776D700E000CD /* ImagesConfiguratorTests.swift */,
				89A37F232117791A00E000CD /* ImagesCollectionViewControllerOutputMock.swift */,
			);
			path = ImageModuleTests;
			sourceTree = "<group>";
		};
		892C7902211225CB0040C027 /* ImagesModule */ = {
			isa = PBXGroup;
			children = (
				892C790921122A7E0040C027 /* View */,
				89A37EED2113552600E000CD /* Interactor */,
				892C790A21122A9D0040C027 /* Presenter */,
				89A37EE82113539E00E000CD /* Configurator */,
			);
			path = ImagesModule;
			sourceTree = "<group>";
		};
		892C790921122A7E0040C027 /* View */ = {
			isa = PBXGroup;
			children = (
				89A37F2021176A0600E000CD /* CustomViews */,
				89A37F1F211769FB00E000CD /* Layouts */,
				892C7903211225EA0040C027 /* ImagesCollectionViewController.swift */,
				892C790521122A540040C027 /* ImagesCollectionViewInput.swift */,
				892C790721122A6F0040C027 /* ImagesCollectionViewOutput.swift */,
			);
			path = View;
			sourceTree = "<group>";
		};
		892C790A21122A9D0040C027 /* Presenter */ = {
			isa = PBXGroup;
			children = (
				892C790D211230BC0040C027 /* ImagesViewPresenter.swift */,
			);
			path = Presenter;
			sourceTree = "<group>";
		};
		8985755121103B2400512E3A = {
			isa = PBXGroup;
			children = (
				8985755C21103B2400512E3A /* PhotoLookUp */,
				8985757121103B2600512E3A /* PhotoLookUpTests */,
				8985755B21103B2400512E3A /* Products */,
				A9ECA119F8258DD190D170D4 /* Pods */,
				FEA30AA66FBCDEDA068DAE2E /* Frameworks */,
			);
			sourceTree = "<group>";
		};
		8985755B21103B2400512E3A /* Products */ = {
			isa = PBXGroup;
			children = (
				8985755A21103B2400512E3A /* PhotoLookUp.app */,
				8985756E21103B2600512E3A /* PhotoLookUpTests.xctest */,
			);
			name = Products;
			sourceTree = "<group>";
		};
		8985755C21103B2400512E3A /* PhotoLookUp */ = {
			isa = PBXGroup;
			children = (
				892C7902211225CB0040C027 /* ImagesModule */,
				892C78F521121D150040C027 /* Common */,
				892C78F421121D0D0040C027 /* Model */,
				892C78F621121D1A0040C027 /* Supportings */,
			);
			path = PhotoLookUp;
			sourceTree = "<group>";
		};
		8985757121103B2600512E3A /* PhotoLookUpTests */ = {
			isa = PBXGroup;
			children = (
				892C78FB21121FA80040C027 /* ImageModuleTests */,
				8985757421103B2600512E3A /* Info.plist */,
			);
			path = PhotoLookUpTests;
			sourceTree = "<group>";
		};
		89A37EE82113539E00E000CD /* Configurator */ = {
			isa = PBXGroup;
			children = (
				89A37EE9211353CB00E000CD /* ImagesModuleInitializer.swift */,
				89A37EEB2113549900E000CD /* ImagesModuleConfigurator.swift */,
			);
			path = Configurator;
			sourceTree = "<group>";
		};
		89A37EED2113552600E000CD /* Interactor */ = {
			isa = PBXGroup;
			children = (
				89A37EEE2113556B00E000CD /* ImagesInteractor.swift */,
				89A37EF02113557500E000CD /* ImagesInteractorInput.swift */,
				89A37EF22113558400E000CD /* ImagesInteractorOutput.swift */,
			);
			path = Interactor;
			sourceTree = "<group>";
		};
		89A37EF4211355D700E000CD /* Network */ = {
			isa = PBXGroup;
			children = (
				89A37EF52113560300E000CD /* NetworkService.swift */,
				89A37F012113620E00E000CD /* NetworkError.swift */,
				89A37F032113622100E000CD /* Result.swift */,
				89A37EF92113582800E000CD /* AnyTarget.swift */,
				89A37EFD21135F7700E000CD /* BaseTargetType.swift */,
				89A37EFF2113603400E000CD /* FlickrTarget.swift */,
			);
			path = Network;
			sourceTree = "<group>";
		};
		89A37F0B21137C3A00E000CD /* Protocols */ = {
			isa = PBXGroup;
			children = (
				89A37F0F21137D5300E000CD /* Views */,
				89A37F0C21137C4000E000CD /* Presenter */,
			);
			path = Protocols;
			sourceTree = "<group>";
		};
		89A37F0C21137C4000E000CD /* Presenter */ = {
			isa = PBXGroup;
			children = (
				89A37F0D21137C5700E000CD /* StatusPresentable.swift */,
			);
			path = Presenter;
			sourceTree = "<group>";
		};
		89A37F0F21137D5300E000CD /* Views */ = {
			isa = PBXGroup;
			children = (
				89A37F1021137D6400E000CD /* ActivityIndicatorProtocol.swift */,
				89A37F1221137D7B00E000CD /* ErrorShowingProtocol.swift */,
				89A37F162117107900E000CD /* BaseViewInputProtocol.swift */,
			);
			path = Views;
			sourceTree = "<group>";
		};
		89A37F182117149400E000CD /* ImageLoader */ = {
			isa = PBXGroup;
			children = (
				89A37F19211714AE00E000CD /* ImageLoaderServiceType.swift */,
			);
			path = ImageLoader;
			sourceTree = "<group>";
		};
		89A37F1F211769FB00E000CD /* Layouts */ = {
			isa = PBXGroup;
			children = (
				89A37F0721136B2800E000CD /* ImagesGridLayout.swift */,
				89A37F0921137A2E00E000CD /* ImagesFullScreenLayout.swift */,
			);
			path = Layouts;
			sourceTree = "<group>";
		};
		89A37F2021176A0600E000CD /* CustomViews */ = {
			isa = PBXGroup;
			children = (
				89A37F1421170ED500E000CD /* ImageCollectionViewCell.swift */,
			);
			path = CustomViews;
			sourceTree = "<group>";
		};
		A9ECA119F8258DD190D170D4 /* Pods */ = {
			isa = PBXGroup;
			children = (
				6D854D4939ACA1DB7C135811 /* Pods-PhotoLookUp.debug.xcconfig */,
				387DAEBB4C0AA75101C852CC /* Pods-PhotoLookUp.release.xcconfig */,
				407E1B8ACE09E2C64D8CD72B /* Pods-PhotoLookUpTests.debug.xcconfig */,
				8C3BE1C37A765AFF5A2038AD /* Pods-PhotoLookUpTests.release.xcconfig */,
			);
			name = Pods;
			sourceTree = "<group>";
		};
		FEA30AA66FBCDEDA068DAE2E /* Frameworks */ = {
			isa = PBXGroup;
			children = (
				9A176E34FEE1C0E02D58436C /* Pods_PhotoLookUp.framework */,
				7CD7B4679A7FE9B10B6C26AB /* Pods_PhotoLookUpTests.framework */,
			);
			name = Frameworks;
			sourceTree = "<group>";
		};
/* End PBXGroup section */

/* Begin PBXNativeTarget section */
		8985755921103B2400512E3A /* PhotoLookUp */ = {
			isa = PBXNativeTarget;
			buildConfigurationList = 8985757721103B2600512E3A /* Build configuration list for PBXNativeTarget "PhotoLookUp" */;
			buildPhases = (
				3AB428F064C03EB67E5121E9 /* [CP] Check Pods Manifest.lock */,
				8985755621103B2400512E3A /* Sources */,
				8985755721103B2400512E3A /* Frameworks */,
				8985755821103B2400512E3A /* Resources */,
				E58F36AA713182414F744788 /* [CP] Embed Pods Frameworks */,
			);
			buildRules = (
			);
			dependencies = (
			);
			name = PhotoLookUp;
			productName = PhotoLookUp;
			productReference = 8985755A21103B2400512E3A /* PhotoLookUp.app */;
			productType = "com.apple.product-type.application";
		};
		8985756D21103B2600512E3A /* PhotoLookUpTests */ = {
			isa = PBXNativeTarget;
			buildConfigurationList = 8985757A21103B2600512E3A /* Build configuration list for PBXNativeTarget "PhotoLookUpTests" */;
			buildPhases = (
				6392ED60B8B49E730DE84A3F /* [CP] Check Pods Manifest.lock */,
				8985756A21103B2600512E3A /* Sources */,
				8985756B21103B2600512E3A /* Frameworks */,
				8985756C21103B2600512E3A /* Resources */,
			);
			buildRules = (
			);
			dependencies = (
				8985757021103B2600512E3A /* PBXTargetDependency */,
			);
			name = PhotoLookUpTests;
			productName = PhotoLookUpTests;
			productReference = 8985756E21103B2600512E3A /* PhotoLookUpTests.xctest */;
			productType = "com.apple.product-type.bundle.unit-test";
		};
/* End PBXNativeTarget section */

/* Begin PBXProject section */
		8985755221103B2400512E3A /* Project object */ = {
			isa = PBXProject;
			attributes = {
				LastSwiftUpdateCheck = 0940;
				LastUpgradeCheck = 0940;
				ORGANIZATIONNAME = "Alem Utemissov";
				TargetAttributes = {
					8985755921103B2400512E3A = {
						CreatedOnToolsVersion = 9.4.1;
					};
					8985756D21103B2600512E3A = {
						CreatedOnToolsVersion = 9.4.1;
						TestTargetID = 8985755921103B2400512E3A;
					};
				};
			};
			buildConfigurationList = 8985755521103B2400512E3A /* Build configuration list for PBXProject "PhotoLookUp" */;
			compatibilityVersion = "Xcode 9.3";
			developmentRegion = en;
			hasScannedForEncodings = 0;
			knownRegions = (
				en,
				Base,
			);
			mainGroup = 8985755121103B2400512E3A;
			productRefGroup = 8985755B21103B2400512E3A /* Products */;
			projectDirPath = "";
			projectRoot = "";
			targets = (
				8985755921103B2400512E3A /* PhotoLookUp */,
				8985756D21103B2600512E3A /* PhotoLookUpTests */,
			);
		};
/* End PBXProject section */

/* Begin PBXResourcesBuildPhase section */
		8985755821103B2400512E3A /* Resources */ = {
			isa = PBXResourcesBuildPhase;
			buildActionMask = 2147483647;
			files = (
				8985756821103B2500512E3A /* LaunchScreen.storyboard in Resources */,
				8985756521103B2500512E3A /* Assets.xcassets in Resources */,
				8985756321103B2400512E3A /* Main.storyboard in Resources */,
			);
			runOnlyForDeploymentPostprocessing = 0;
		};
		8985756C21103B2600512E3A /* Resources */ = {
			isa = PBXResourcesBuildPhase;
			buildActionMask = 2147483647;
			files = (
			);
			runOnlyForDeploymentPostprocessing = 0;
		};
/* End PBXResourcesBuildPhase section */

/* Begin PBXShellScriptBuildPhase section */
		3AB428F064C03EB67E5121E9 /* [CP] Check Pods Manifest.lock */ = {
			isa = PBXShellScriptBuildPhase;
			buildActionMask = 2147483647;
			files = (
			);
			inputPaths = (
				"${PODS_PODFILE_DIR_PATH}/Podfile.lock",
				"${PODS_ROOT}/Manifest.lock",
			);
			name = "[CP] Check Pods Manifest.lock";
			outputPaths = (
				"$(DERIVED_FILE_DIR)/Pods-PhotoLookUp-checkManifestLockResult.txt",
			);
			runOnlyForDeploymentPostprocessing = 0;
			shellPath = /bin/sh;
			shellScript = "diff \"${PODS_PODFILE_DIR_PATH}/Podfile.lock\" \"${PODS_ROOT}/Manifest.lock\" > /dev/null\nif [ $? != 0 ] ; then\n    # print error to STDERR\n    echo \"error: The sandbox is not in sync with the Podfile.lock. Run 'pod install' or update your CocoaPods installation.\" >&2\n    exit 1\nfi\n# This output is used by Xcode 'outputs' to avoid re-running this script phase.\necho \"SUCCESS\" > \"${SCRIPT_OUTPUT_FILE_0}\"\n";
			showEnvVarsInLog = 0;
		};
		6392ED60B8B49E730DE84A3F /* [CP] Check Pods Manifest.lock */ = {
			isa = PBXShellScriptBuildPhase;
			buildActionMask = 2147483647;
			files = (
			);
			inputPaths = (
				"${PODS_PODFILE_DIR_PATH}/Podfile.lock",
				"${PODS_ROOT}/Manifest.lock",
			);
			name = "[CP] Check Pods Manifest.lock";
			outputPaths = (
				"$(DERIVED_FILE_DIR)/Pods-PhotoLookUpTests-checkManifestLockResult.txt",
			);
			runOnlyForDeploymentPostprocessing = 0;
			shellPath = /bin/sh;
			shellScript = "diff \"${PODS_PODFILE_DIR_PATH}/Podfile.lock\" \"${PODS_ROOT}/Manifest.lock\" > /dev/null\nif [ $? != 0 ] ; then\n    # print error to STDERR\n    echo \"error: The sandbox is not in sync with the Podfile.lock. Run 'pod install' or update your CocoaPods installation.\" >&2\n    exit 1\nfi\n# This output is used by Xcode 'outputs' to avoid re-running this script phase.\necho \"SUCCESS\" > \"${SCRIPT_OUTPUT_FILE_0}\"\n";
			showEnvVarsInLog = 0;
		};
		E58F36AA713182414F744788 /* [CP] Embed Pods Frameworks */ = {
			isa = PBXShellScriptBuildPhase;
			buildActionMask = 2147483647;
			files = (
			);
			inputPaths = (
				"${SRCROOT}/Pods/Target Support Files/Pods-PhotoLookUp/Pods-PhotoLookUp-frameworks.sh",
				"${BUILT_PRODUCTS_DIR}/Alamofire/Alamofire.framework",
				"${BUILT_PRODUCTS_DIR}/Kingfisher/Kingfisher.framework",
				"${BUILT_PRODUCTS_DIR}/Moya/Moya.framework",
				"${BUILT_PRODUCTS_DIR}/Result/Result.framework",
			);
			name = "[CP] Embed Pods Frameworks";
			outputPaths = (
				"${TARGET_BUILD_DIR}/${FRAMEWORKS_FOLDER_PATH}/Alamofire.framework",
				"${TARGET_BUILD_DIR}/${FRAMEWORKS_FOLDER_PATH}/Kingfisher.framework",
				"${TARGET_BUILD_DIR}/${FRAMEWORKS_FOLDER_PATH}/Moya.framework",
				"${TARGET_BUILD_DIR}/${FRAMEWORKS_FOLDER_PATH}/Result.framework",
			);
			runOnlyForDeploymentPostprocessing = 0;
			shellPath = /bin/sh;
			shellScript = "\"${SRCROOT}/Pods/Target Support Files/Pods-PhotoLookUp/Pods-PhotoLookUp-frameworks.sh\"\n";
			showEnvVarsInLog = 0;
		};
/* End PBXShellScriptBuildPhase section */

/* Begin PBXSourcesBuildPhase section */
		8985755621103B2400512E3A /* Sources */ = {
			isa = PBXSourcesBuildPhase;
			buildActionMask = 2147483647;
			files = (
				89A37EEA211353CB00E000CD /* ImagesModuleInitializer.swift in Sources */,
				89A37EF32113558400E000CD /* ImagesInteractorOutput.swift in Sources */,
				89A37F1521170ED500E000CD /* ImageCollectionViewCell.swift in Sources */,
				89A37F0A21137A2E00E000CD /* ImagesFullScreenLayout.swift in Sources */,
				89A37F1321137D7B00E000CD /* ErrorShowingProtocol.swift in Sources */,
				89A37F172117107900E000CD /* BaseViewInputProtocol.swift in Sources */,
				89A37F042113622100E000CD /* Result.swift in Sources */,
				89A37EEC2113549900E000CD /* ImagesModuleConfigurator.swift in Sources */,
				89A37EFE21135F7700E000CD /* BaseTargetType.swift in Sources */,
				89A37F002113603400E000CD /* FlickrTarget.swift in Sources */,
				89A37EF62113560300E000CD /* NetworkService.swift in Sources */,
				89A37F1C21171D5C00E000CD /* ImageSizes.swift in Sources */,
				89A37EEF2113556B00E000CD /* ImagesInteractor.swift in Sources */,
				89A37F1A211714AE00E000CD /* ImageLoaderServiceType.swift in Sources */,
				89A37EFA2113582800E000CD /* AnyTarget.swift in Sources */,
				892C7904211225EA0040C027 /* ImagesCollectionViewController.swift in Sources */,
				892C790E211230BC0040C027 /* ImagesViewPresenter.swift in Sources */,
				89A37EF12113557500E000CD /* ImagesInteractorInput.swift in Sources */,
				89A37F0821136B2800E000CD /* ImagesGridLayout.swift in Sources */,
				89A37F1121137D6400E000CD /* ActivityIndicatorProtocol.swift in Sources */,
				892C790821122A6F0040C027 /* ImagesCollectionViewOutput.swift in Sources */,
				8985755E21103B2400512E3A /* AppDelegate.swift in Sources */,
				892C78FF211221B60040C027 /* UIStoryboard+Extension.swift in Sources */,
				892C790621122A540040C027 /* ImagesCollectionViewInput.swift in Sources */,
				89A37F022113620E00E000CD /* NetworkError.swift in Sources */,
				89A37F0E21137C5700E000CD /* StatusPresentable.swift in Sources */,
				89A37EFC21135D6C00E000CD /* ImageSearch.swift in Sources */,
				892C790C21122FBC0040C027 /* BaseViewController.swift in Sources */,
			);
			runOnlyForDeploymentPostprocessing = 0;
		};
		8985756A21103B2600512E3A /* Sources */ = {
			isa = PBXSourcesBuildPhase;
			buildActionMask = 2147483647;
			files = (
				89A37F22211776D700E000CD /* ImagesConfiguratorTests.swift in Sources */,
				892C78FD21121FC20040C027 /* ImagesVCTests.swift in Sources */,
				89A37F242117791A00E000CD /* ImagesCollectionViewControllerOutputMock.swift in Sources */,
			);
			runOnlyForDeploymentPostprocessing = 0;
		};
/* End PBXSourcesBuildPhase section */

/* Begin PBXTargetDependency section */
		8985757021103B2600512E3A /* PBXTargetDependency */ = {
			isa = PBXTargetDependency;
			target = 8985755921103B2400512E3A /* PhotoLookUp */;
			targetProxy = 8985756F21103B2600512E3A /* PBXContainerItemProxy */;
		};
/* End PBXTargetDependency section */

/* Begin PBXVariantGroup section */
		8985756121103B2400512E3A /* Main.storyboard */ = {
			isa = PBXVariantGroup;
			children = (
				8985756221103B2400512E3A /* Base */,
			);
			name = Main.storyboard;
			sourceTree = "<group>";
		};
		8985756621103B2500512E3A /* LaunchScreen.storyboard */ = {
			isa = PBXVariantGroup;
			children = (
				8985756721103B2500512E3A /* Base */,
			);
			name = LaunchScreen.storyboard;
			sourceTree = "<group>";
		};
/* End PBXVariantGroup section */

/* Begin XCBuildConfiguration section */
		8985757521103B2600512E3A /* Debug */ = {
			isa = XCBuildConfiguration;
			buildSettings = {
				ALWAYS_SEARCH_USER_PATHS = NO;
				CLANG_ANALYZER_NONNULL = YES;
				CLANG_ANALYZER_NUMBER_OBJECT_CONVERSION = YES_AGGRESSIVE;
				CLANG_CXX_LANGUAGE_STANDARD = "gnu++14";
				CLANG_CXX_LIBRARY = "libc++";
				CLANG_ENABLE_MODULES = YES;
				CLANG_ENABLE_OBJC_ARC = YES;
				CLANG_ENABLE_OBJC_WEAK = YES;
				CLANG_WARN_BLOCK_CAPTURE_AUTORELEASING = YES;
				CLANG_WARN_BOOL_CONVERSION = YES;
				CLANG_WARN_COMMA = YES;
				CLANG_WARN_CONSTANT_CONVERSION = YES;
				CLANG_WARN_DEPRECATED_OBJC_IMPLEMENTATIONS = YES;
				CLANG_WARN_DIRECT_OBJC_ISA_USAGE = YES_ERROR;
				CLANG_WARN_DOCUMENTATION_COMMENTS = YES;
				CLANG_WARN_EMPTY_BODY = YES;
				CLANG_WARN_ENUM_CONVERSION = YES;
				CLANG_WARN_INFINITE_RECURSION = YES;
				CLANG_WARN_INT_CONVERSION = YES;
				CLANG_WARN_NON_LITERAL_NULL_CONVERSION = YES;
				CLANG_WARN_OBJC_IMPLICIT_RETAIN_SELF = YES;
				CLANG_WARN_OBJC_LITERAL_CONVERSION = YES;
				CLANG_WARN_OBJC_ROOT_CLASS = YES_ERROR;
				CLANG_WARN_RANGE_LOOP_ANALYSIS = YES;
				CLANG_WARN_STRICT_PROTOTYPES = YES;
				CLANG_WARN_SUSPICIOUS_MOVE = YES;
				CLANG_WARN_UNGUARDED_AVAILABILITY = YES_AGGRESSIVE;
				CLANG_WARN_UNREACHABLE_CODE = YES;
				CLANG_WARN__DUPLICATE_METHOD_MATCH = YES;
				CODE_SIGN_IDENTITY = "iPhone Developer";
				COPY_PHASE_STRIP = NO;
				DEBUG_INFORMATION_FORMAT = dwarf;
				ENABLE_STRICT_OBJC_MSGSEND = YES;
				ENABLE_TESTABILITY = YES;
				GCC_C_LANGUAGE_STANDARD = gnu11;
				GCC_DYNAMIC_NO_PIC = NO;
				GCC_NO_COMMON_BLOCKS = YES;
				GCC_OPTIMIZATION_LEVEL = 0;
				GCC_PREPROCESSOR_DEFINITIONS = (
					"DEBUG=1",
					"$(inherited)",
				);
				GCC_WARN_64_TO_32_BIT_CONVERSION = YES;
				GCC_WARN_ABOUT_RETURN_TYPE = YES_ERROR;
				GCC_WARN_UNDECLARED_SELECTOR = YES;
				GCC_WARN_UNINITIALIZED_AUTOS = YES_AGGRESSIVE;
				GCC_WARN_UNUSED_FUNCTION = YES;
				GCC_WARN_UNUSED_VARIABLE = YES;
				IPHONEOS_DEPLOYMENT_TARGET = 11.4;
				MTL_ENABLE_DEBUG_INFO = YES;
				ONLY_ACTIVE_ARCH = YES;
				SDKROOT = iphoneos;
				SWIFT_ACTIVE_COMPILATION_CONDITIONS = DEBUG;
				SWIFT_OPTIMIZATION_LEVEL = "-Onone";
			};
			name = Debug;
		};
		8985757621103B2600512E3A /* Release */ = {
			isa = XCBuildConfiguration;
			buildSettings = {
				ALWAYS_SEARCH_USER_PATHS = NO;
				CLANG_ANALYZER_NONNULL = YES;
				CLANG_ANALYZER_NUMBER_OBJECT_CONVERSION = YES_AGGRESSIVE;
				CLANG_CXX_LANGUAGE_STANDARD = "gnu++14";
				CLANG_CXX_LIBRARY = "libc++";
				CLANG_ENABLE_MODULES = YES;
				CLANG_ENABLE_OBJC_ARC = YES;
				CLANG_ENABLE_OBJC_WEAK = YES;
				CLANG_WARN_BLOCK_CAPTURE_AUTORELEASING = YES;
				CLANG_WARN_BOOL_CONVERSION = YES;
				CLANG_WARN_COMMA = YES;
				CLANG_WARN_CONSTANT_CONVERSION = YES;
				CLANG_WARN_DEPRECATED_OBJC_IMPLEMENTATIONS = YES;
				CLANG_WARN_DIRECT_OBJC_ISA_USAGE = YES_ERROR;
				CLANG_WARN_DOCUMENTATION_COMMENTS = YES;
				CLANG_WARN_EMPTY_BODY = YES;
				CLANG_WARN_ENUM_CONVERSION = YES;
				CLANG_WARN_INFINITE_RECURSION = YES;
				CLANG_WARN_INT_CONVERSION = YES;
				CLANG_WARN_NON_LITERAL_NULL_CONVERSION = YES;
				CLANG_WARN_OBJC_IMPLICIT_RETAIN_SELF = YES;
				CLANG_WARN_OBJC_LITERAL_CONVERSION = YES;
				CLANG_WARN_OBJC_ROOT_CLASS = YES_ERROR;
				CLANG_WARN_RANGE_LOOP_ANALYSIS = YES;
				CLANG_WARN_STRICT_PROTOTYPES = YES;
				CLANG_WARN_SUSPICIOUS_MOVE = YES;
				CLANG_WARN_UNGUARDED_AVAILABILITY = YES_AGGRESSIVE;
				CLANG_WARN_UNREACHABLE_CODE = YES;
				CLANG_WARN__DUPLICATE_METHOD_MATCH = YES;
				CODE_SIGN_IDENTITY = "iPhone Developer";
				COPY_PHASE_STRIP = NO;
				DEBUG_INFORMATION_FORMAT = "dwarf-with-dsym";
				ENABLE_NS_ASSERTIONS = NO;
				ENABLE_STRICT_OBJC_MSGSEND = YES;
				GCC_C_LANGUAGE_STANDARD = gnu11;
				GCC_NO_COMMON_BLOCKS = YES;
				GCC_WARN_64_TO_32_BIT_CONVERSION = YES;
				GCC_WARN_ABOUT_RETURN_TYPE = YES_ERROR;
				GCC_WARN_UNDECLARED_SELECTOR = YES;
				GCC_WARN_UNINITIALIZED_AUTOS = YES_AGGRESSIVE;
				GCC_WARN_UNUSED_FUNCTION = YES;
				GCC_WARN_UNUSED_VARIABLE = YES;
				IPHONEOS_DEPLOYMENT_TARGET = 11.4;
				MTL_ENABLE_DEBUG_INFO = NO;
				SDKROOT = iphoneos;
				SWIFT_COMPILATION_MODE = wholemodule;
				SWIFT_OPTIMIZATION_LEVEL = "-O";
				VALIDATE_PRODUCT = YES;
			};
			name = Release;
		};
		8985757821103B2600512E3A /* Debug */ = {
			isa = XCBuildConfiguration;
			baseConfigurationReference = 6D854D4939ACA1DB7C135811 /* Pods-PhotoLookUp.debug.xcconfig */;
			buildSettings = {
				ASSETCATALOG_COMPILER_APPICON_NAME = AppIcon;
				CODE_SIGN_STYLE = Automatic;
				DEVELOPMENT_TEAM = V4BQKDHE7V;
				INFOPLIST_FILE = "$(SRCROOT)/PhotoLookUp/Supportings/Info.plist";
				LD_RUNPATH_SEARCH_PATHS = (
					"$(inherited)",
					"@executable_path/Frameworks",
				);
				PRODUCT_BUNDLE_IDENTIFIER = com.utemissov.PhotoLookUp;
				PRODUCT_NAME = "$(TARGET_NAME)";
				SWIFT_VERSION = 4.0;
				TARGETED_DEVICE_FAMILY = "1,2";
			};
			name = Debug;
		};
		8985757921103B2600512E3A /* Release */ = {
			isa = XCBuildConfiguration;
			baseConfigurationReference = 387DAEBB4C0AA75101C852CC /* Pods-PhotoLookUp.release.xcconfig */;
			buildSettings = {
				ASSETCATALOG_COMPILER_APPICON_NAME = AppIcon;
				CODE_SIGN_STYLE = Automatic;
				DEVELOPMENT_TEAM = V4BQKDHE7V;
				INFOPLIST_FILE = "$(SRCROOT)/PhotoLookUp/Supportings/Info.plist";
				LD_RUNPATH_SEARCH_PATHS = (
					"$(inherited)",
					"@executable_path/Frameworks",
				);
				PRODUCT_BUNDLE_IDENTIFIER = com.utemissov.PhotoLookUp;
				PRODUCT_NAME = "$(TARGET_NAME)";
				SWIFT_VERSION = 4.0;
				TARGETED_DEVICE_FAMILY = "1,2";
			};
			name = Release;
		};
		8985757B21103B2600512E3A /* Debug */ = {
			isa = XCBuildConfiguration;
			baseConfigurationReference = 407E1B8ACE09E2C64D8CD72B /* Pods-PhotoLookUpTests.debug.xcconfig */;
			buildSettings = {
				ALWAYS_EMBED_SWIFT_STANDARD_LIBRARIES = YES;
				BUNDLE_LOADER = "$(TEST_HOST)";
				CODE_SIGN_STYLE = Automatic;
				DEVELOPMENT_TEAM = V4BQKDHE7V;
				INFOPLIST_FILE = PhotoLookUpTests/Info.plist;
				LD_RUNPATH_SEARCH_PATHS = (
					"$(inherited)",
					"@executable_path/Frameworks",
					"@loader_path/Frameworks",
				);
				PRODUCT_BUNDLE_IDENTIFIER = com.utemissov.PhotoLookUpTests;
				PRODUCT_NAME = "$(TARGET_NAME)";
				SWIFT_VERSION = 4.0;
				TARGETED_DEVICE_FAMILY = "1,2";
				TEST_HOST = "$(BUILT_PRODUCTS_DIR)/PhotoLookUp.app/PhotoLookUp";
			};
			name = Debug;
		};
		8985757C21103B2600512E3A /* Release */ = {
			isa = XCBuildConfiguration;
			baseConfigurationReference = 8C3BE1C37A765AFF5A2038AD /* Pods-PhotoLookUpTests.release.xcconfig */;
			buildSettings = {
				ALWAYS_EMBED_SWIFT_STANDARD_LIBRARIES = YES;
				BUNDLE_LOADER = "$(TEST_HOST)";
				CODE_SIGN_STYLE = Automatic;
				DEVELOPMENT_TEAM = V4BQKDHE7V;
				INFOPLIST_FILE = PhotoLookUpTests/Info.plist;
				LD_RUNPATH_SEARCH_PATHS = (
					"$(inherited)",
					"@executable_path/Frameworks",
					"@loader_path/Frameworks",
				);
				PRODUCT_BUNDLE_IDENTIFIER = com.utemissov.PhotoLookUpTests;
				PRODUCT_NAME = "$(TARGET_NAME)";
				SWIFT_VERSION = 4.0;
				TARGETED_DEVICE_FAMILY = "1,2";
				TEST_HOST = "$(BUILT_PRODUCTS_DIR)/PhotoLookUp.app/PhotoLookUp";
			};
			name = Release;
		};
/* End XCBuildConfiguration section */

/* Begin XCConfigurationList section */
		8985755521103B2400512E3A /* Build configuration list for PBXProject "PhotoLookUp" */ = {
			isa = XCConfigurationList;
			buildConfigurations = (
				8985757521103B2600512E3A /* Debug */,
				8985757621103B2600512E3A /* Release */,
			);
			defaultConfigurationIsVisible = 0;
			defaultConfigurationName = Release;
		};
		8985757721103B2600512E3A /* Build configuration list for PBXNativeTarget "PhotoLookUp" */ = {
			isa = XCConfigurationList;
			buildConfigurations = (
				8985757821103B2600512E3A /* Debug */,
				8985757921103B2600512E3A /* Release */,
			);
			defaultConfigurationIsVisible = 0;
			defaultConfigurationName = Release;
		};
		8985757A21103B2600512E3A /* Build configuration list for PBXNativeTarget "PhotoLookUpTests" */ = {
			isa = XCConfigurationList;
			buildConfigurations = (
				8985757B21103B2600512E3A /* Debug */,
				8985757C21103B2600512E3A /* Release */,
			);
			defaultConfigurationIsVisible = 0;
			defaultConfigurationName = Release;
		};
/* End XCConfigurationList section */
	};
	rootObject = 8985755221103B2400512E3A /* Project object */;
}
